
Microsoft Visual Studio Solution File, Format Version 12.00
# Visual Studio Version 17
VisualStudioVersion = 17.8.34511.84
MinimumVisualStudioVersion = 10.0.40219.1
Project("{FAE04EC0-301F-11D3-BF4B-00C04F79EFBC}") = "Phishing", "Phishing\Phishing.csproj", "{10747090-7068-412F-ADCC-3186D5287E05}"
EndProject
Global
	GlobalSection(SolutionConfigurationPlatforms) = preSolution
		Debug|Any CPU = Debug|Any CPU
		Release|Any CPU = Release|Any CPU
	EndGlobalSection
	GlobalSection(ProjectConfigurationPlatforms) = postSolution
		{10747090-7068-412F-ADCC-3186D5287E05}.Debug|Any CPU.ActiveCfg = Debug|Any CPU
		{10747090-7068-412F-ADCC-3186D5287E05}.Debug|Any CPU.Build.0 = Debug|Any CPU
		{10747090-7068-412F-ADCC-3186D5287E05}.Release|Any CPU.ActiveCfg = Release|Any CPU
		{10747090-7068-412F-ADCC-3186D5287E05}.Release|Any CPU.Build.0 = Release|Any CPU
	EndGlobalSection
	GlobalSection(SolutionProperties) = preSolution
		HideSolutionNode = FALSE
	EndGlobalSection
	GlobalSection(ExtensibilityGlobals) = postSolution
		SolutionGuid = {E5D6E3C7-3500-44A6-9E3D-AC0C2F869752}
	EndGlobalSection
EndGlobal
